
Microsoft Visual Studio Solution File, Format Version 11.00
# Visual Studio 2010
Project("{E24C65DC-7377-472B-9ABA-BC803B73C61A}") = "Deploy", ".", "{0A797AE5-6AEB-4B4D-9397-3A7C12440628}"
	ProjectSection(WebsiteProperties) = preProject
		TargetFrameworkMoniker = ".NETFramework,Version%3Dv4.0"
		Debug.AspNetCompiler.VirtualPath = "/Deploy"
		Debug.AspNetCompiler.PhysicalPath = "..\Deploy\"
		Debug.AspNetCompiler.TargetPath = "PrecompiledWeb\Deploy\"
		Debug.AspNetCompiler.Updateable = "true"
		Debug.AspNetCompiler.ForceOverwrite = "true"
		Debug.AspNetCompiler.FixedNames = "false"
		Debug.AspNetCompiler.Debug = "True"
		Release.AspNetCompiler.VirtualPath = "/Deploy"
		Release.AspNetCompiler.PhysicalPath = "..\Deploy\"
		Release.AspNetCompiler.TargetPath = "PrecompiledWeb\Deploy\"
		Release.AspNetCompiler.Updateable = "true"
		Release.AspNetCompiler.ForceOverwrite = "true"
		Release.AspNetCompiler.FixedNames = "false"
		Release.AspNetCompiler.Debug = "False"
		VWDPort = "49429"
	EndProjectSection
EndProject
Global
	GlobalSection(SolutionConfigurationPlatforms) = preSolution
		Debug|Any CPU = Debug|Any CPU
	EndGlobalSection
	GlobalSection(ProjectConfigurationPlatforms) = postSolution
		{0A797AE5-6AEB-4B4D-9397-3A7C12440628}.Debug|Any CPU.ActiveCfg = Debug|Any CPU
		{0A797AE5-6AEB-4B4D-9397-3A7C12440628}.Debug|Any CPU.Build.0 = Debug|Any CPU
	EndGlobalSection
	GlobalSection(SolutionProperties) = preSolution
		HideSolutionNode = FALSE
	EndGlobalSection
EndGlobal
