
Microsoft Visual Studio Solution File, Format Version 11.00
# Visual Studio 2010
Project("{00000000-0000-0000-0000-000000000000}") = "FavouriteAndRecentlyViewed", "FavouriteAndRecentlyViewed.csproj", "{05BD7797-5D55-492B-875F-A55FC1A44320}"
EndProject
Global
	GlobalSection(SolutionConfigurationPlatforms) = preSolution
		Debug|Any CPU = Debug|Any CPU
		Release|Any CPU = Release|Any CPU
	EndGlobalSection
	GlobalSection(ProjectConfigurationPlatforms) = postSolution
		{05BD7797-5D55-492B-875F-A55FC1A44320}.Debug|Any CPU.ActiveCfg = Debug|Any CPU
		{05BD7797-5D55-492B-875F-A55FC1A44320}.Debug|Any CPU.Build.0 = Debug|Any CPU
		{05BD7797-5D55-492B-875F-A55FC1A44320}.Release|Any CPU.ActiveCfg = Release|Any CPU
		{05BD7797-5D55-492B-875F-A55FC1A44320}.Release|Any CPU.Build.0 = Release|Any CPU
	EndGlobalSection
	GlobalSection(SolutionProperties) = preSolution
		HideSolutionNode = FALSE
	EndGlobalSection
EndGlobal
