
Microsoft Visual Studio Solution File, Format Version 11.00
# Visual Studio 2010
Project("{00000000-0000-0000-0000-000000000000}") = "LibraryResources", "LibraryResources.csproj", "{DFC89C75-FB59-4371-90FA-5F25EC4C2776}"
EndProject
Global
	GlobalSection(SolutionConfigurationPlatforms) = preSolution
		Debug|Any CPU = Debug|Any CPU
		Release|Any CPU = Release|Any CPU
	EndGlobalSection
	GlobalSection(ProjectConfigurationPlatforms) = postSolution
		{DFC89C75-FB59-4371-90FA-5F25EC4C2776}.Debug|Any CPU.ActiveCfg = Debug|Any CPU
		{DFC89C75-FB59-4371-90FA-5F25EC4C2776}.Debug|Any CPU.Build.0 = Debug|Any CPU
		{DFC89C75-FB59-4371-90FA-5F25EC4C2776}.Release|Any CPU.ActiveCfg = Release|Any CPU
		{DFC89C75-FB59-4371-90FA-5F25EC4C2776}.Release|Any CPU.Build.0 = Release|Any CPU
	EndGlobalSection
	GlobalSection(SolutionProperties) = preSolution
		HideSolutionNode = FALSE
	EndGlobalSection
EndGlobal
