
Microsoft Visual Studio Solution File, Format Version 11.00
# Visual Studio 2010
Project("{00000000-0000-0000-0000-000000000000}") = "NewAndNotable", "NewAndNotable.csproj", "{AE8E840F-5CB2-426D-8AFD-D57E3C3FB438}"
EndProject
Global
	GlobalSection(SolutionConfigurationPlatforms) = preSolution
		Debug|Any CPU = Debug|Any CPU
		Release|Any CPU = Release|Any CPU
	EndGlobalSection
	GlobalSection(ProjectConfigurationPlatforms) = postSolution
		{AE8E840F-5CB2-426D-8AFD-D57E3C3FB438}.Debug|Any CPU.ActiveCfg = Debug|Any CPU
		{AE8E840F-5CB2-426D-8AFD-D57E3C3FB438}.Debug|Any CPU.Build.0 = Debug|Any CPU
		{AE8E840F-5CB2-426D-8AFD-D57E3C3FB438}.Release|Any CPU.ActiveCfg = Release|Any CPU
		{AE8E840F-5CB2-426D-8AFD-D57E3C3FB438}.Release|Any CPU.Build.0 = Release|Any CPU
	EndGlobalSection
	GlobalSection(SolutionProperties) = preSolution
		HideSolutionNode = FALSE
	EndGlobalSection
EndGlobal
